
Microsoft Visual Studio Solution File, Format Version 12.00
# Visual Studio Version 17
VisualStudioVersion = 17.14.36518.9 d17.14
MinimumVisualStudioVersion = 10.0.40219.1
Project("{FAE04EC0-301F-11D3-BF4B-00C04F79EFBC}") = "SmartPickWeb.API", "SmartPickWeb.API\SmartPickWeb.API.csproj", "{A8C030A3-43AC-4246-BAEB-E362A6B985FC}"
EndProject
Global
	GlobalSection(SolutionConfigurationPlatforms) = preSolution
		Debug|Any CPU = Debug|Any CPU
		Release|Any CPU = Release|Any CPU
	EndGlobalSection
	GlobalSection(ProjectConfigurationPlatforms) = postSolution
		{A8C030A3-43AC-4246-BAEB-E362A6B985FC}.Debug|Any CPU.ActiveCfg = Debug|Any CPU
		{A8C030A3-43AC-4246-BAEB-E362A6B985FC}.Debug|Any CPU.Build.0 = Debug|Any CPU
		{A8C030A3-43AC-4246-BAEB-E362A6B985FC}.Release|Any CPU.ActiveCfg = Release|Any CPU
		{A8C030A3-43AC-4246-BAEB-E362A6B985FC}.Release|Any CPU.Build.0 = Release|Any CPU
	EndGlobalSection
	GlobalSection(SolutionProperties) = preSolution
		HideSolutionNode = FALSE
	EndGlobalSection
	GlobalSection(ExtensibilityGlobals) = postSolution
		SolutionGuid = {45C75130-3314-4D28-9604-23010FF049B6}
	EndGlobalSection
EndGlobal
